
Microsoft Visual Studio Solution File, Format Version 12.00
# Visual Studio Version 17
VisualStudioVersion = 17.11.35312.102
MinimumVisualStudioVersion = 10.0.40219.1
Project("{8BC9CEB8-8B4A-11D0-8D11-00A0C91BC942}") = "Week 7", "Week 7.vcxproj", "{067959BB-6603-46C3-8B21-DB748A5AAA5D}"
EndProject
Global
	GlobalSection(SolutionConfigurationPlatforms) = preSolution
		Debug|x64 = Debug|x64
		Debug|x86 = Debug|x86
		Release|x64 = Release|x64
		Release|x86 = Release|x86
	EndGlobalSection
	GlobalSection(ProjectConfigurationPlatforms) = postSolution
		{067959BB-6603-46C3-8B21-DB748A5AAA5D}.Debug|x64.ActiveCfg = Debug|x64
		{067959BB-6603-46C3-8B21-DB748A5AAA5D}.Debug|x64.Build.0 = Debug|x64
		{067959BB-6603-46C3-8B21-DB748A5AAA5D}.Debug|x86.ActiveCfg = Debug|Win32
		{067959BB-6603-46C3-8B21-DB748A5AAA5D}.Debug|x86.Build.0 = Debug|Win32
		{067959BB-6603-46C3-8B21-DB748A5AAA5D}.Release|x64.ActiveCfg = Release|x64
		{067959BB-6603-46C3-8B21-DB748A5AAA5D}.Release|x64.Build.0 = Release|x64
		{067959BB-6603-46C3-8B21-DB748A5AAA5D}.Release|x86.ActiveCfg = Release|Win32
		{067959BB-6603-46C3-8B21-DB748A5AAA5D}.Release|x86.Build.0 = Release|Win32
	EndGlobalSection
	GlobalSection(SolutionProperties) = preSolution
		HideSolutionNode = FALSE
	EndGlobalSection
	GlobalSection(ExtensibilityGlobals) = postSolution
		SolutionGuid = {2AD65A40-A548-4CA9-B40A-320085A66068}
	EndGlobalSection
EndGlobal
